
Microsoft Visual Studio Solution File, Format Version 12.00
# Visual Studio Version 17
VisualStudioVersion = 17.14.36109.1 d17.14
MinimumVisualStudioVersion = 10.0.40219.1
Project("{FAE04EC0-301F-11D3-BF4B-00C04F79EFBC}") = "DriveDesktop", "DriveDesktop\DriveDesktop.csproj", "{D594F7F3-332A-49A3-B941-97CBF2B002BE}"
EndProject
Global
	GlobalSection(SolutionConfigurationPlatforms) = preSolution
		Debug|Any CPU = Debug|Any CPU
		Release|Any CPU = Release|Any CPU
	EndGlobalSection
	GlobalSection(ProjectConfigurationPlatforms) = postSolution
		{D594F7F3-332A-49A3-B941-97CBF2B002BE}.Debug|Any CPU.ActiveCfg = Debug|Any CPU
		{D594F7F3-332A-49A3-B941-97CBF2B002BE}.Debug|Any CPU.Build.0 = Debug|Any CPU
		{D594F7F3-332A-49A3-B941-97CBF2B002BE}.Release|Any CPU.ActiveCfg = Release|Any CPU
		{D594F7F3-332A-49A3-B941-97CBF2B002BE}.Release|Any CPU.Build.0 = Release|Any CPU
	EndGlobalSection
	GlobalSection(SolutionProperties) = preSolution
		HideSolutionNode = FALSE
	EndGlobalSection
	GlobalSection(ExtensibilityGlobals) = postSolution
		SolutionGuid = {D529C7C4-4184-4CD5-ADEB-271558CA164E}
	EndGlobalSection
EndGlobal
